{
  "name": "gopet-web",
  "lockfileVersion": 3,
  "requires": true,
  "packages": {
    "": {
      "name": "gopet-web",
      "hasInstallScript": true,
      "dependencies": {
        "jgoboard": "^5.0.4"
      }
    },
    "node_modules/jgoboard": {
      "version": "5.0.4",
      "resolved": "https://registry.npmjs.org/jgoboard/-/jgoboard-5.0.4.tgz",
      "integrity": "sha512-biZ3z5cjIextFJJkS0DC63wFC8rHtL0HKb4AywJiPpw4Pccqy3oPOXsEDhRkXKpK1A4AZTXxuAZji1Aic0CMvg==",
      "license": "CC-BY-NC-4.0"
    }
  }
}
